
Microsoft Visual Studio Solution File, Format Version 12.00
# Visual Studio Version 16
VisualStudioVersion = 16.0.31729.503
MinimumVisualStudioVersion = 10.0.40219.1
Project("{FAE04EC0-301F-11D3-BF4B-00C04F79EFBC}") = "Exercise", "Exercise\Exercise.csproj", "{187FB3C9-8579-4BE2-A329-7318401E94A9}"
EndProject
Global
	GlobalSection(SolutionConfigurationPlatforms) = preSolution
		Debug|Any CPU = Debug|Any CPU
		Release|Any CPU = Release|Any CPU
	EndGlobalSection
	GlobalSection(ProjectConfigurationPlatforms) = postSolution
		{187FB3C9-8579-4BE2-A329-7318401E94A9}.Debug|Any CPU.ActiveCfg = Debug|Any CPU
		{187FB3C9-8579-4BE2-A329-7318401E94A9}.Debug|Any CPU.Build.0 = Debug|Any CPU
		{187FB3C9-8579-4BE2-A329-7318401E94A9}.Release|Any CPU.ActiveCfg = Release|Any CPU
		{187FB3C9-8579-4BE2-A329-7318401E94A9}.Release|Any CPU.Build.0 = Release|Any CPU
	EndGlobalSection
	GlobalSection(SolutionProperties) = preSolution
		HideSolutionNode = FALSE
	EndGlobalSection
	GlobalSection(ExtensibilityGlobals) = postSolution
		SolutionGuid = {DB32C70C-F8D3-440A-83D8-A93E5F84C4DA}
	EndGlobalSection
EndGlobal
